
Microsoft Visual Studio Solution File, Format Version 12.00
# Visual Studio Version 17
VisualStudioVersion = 17.14.36327.8 d17.14
MinimumVisualStudioVersion = 10.0.40219.1
Project("{FAE04EC0-301F-11D3-BF4B-00C04F79EFBC}") = "ProductManager.Api", "ProductManager.Api\ProductManager.Api.csproj", "{572D9209-B2ED-4D99-A590-6BD9FCB79826}"
EndProject
Global
	GlobalSection(SolutionConfigurationPlatforms) = preSolution
		Debug|Any CPU = Debug|Any CPU
		Release|Any CPU = Release|Any CPU
	EndGlobalSection
	GlobalSection(ProjectConfigurationPlatforms) = postSolution
		{572D9209-B2ED-4D99-A590-6BD9FCB79826}.Debug|Any CPU.ActiveCfg = Debug|Any CPU
		{572D9209-B2ED-4D99-A590-6BD9FCB79826}.Debug|Any CPU.Build.0 = Debug|Any CPU
		{572D9209-B2ED-4D99-A590-6BD9FCB79826}.Release|Any CPU.ActiveCfg = Release|Any CPU
		{572D9209-B2ED-4D99-A590-6BD9FCB79826}.Release|Any CPU.Build.0 = Release|Any CPU
	EndGlobalSection
	GlobalSection(SolutionProperties) = preSolution
		HideSolutionNode = FALSE
	EndGlobalSection
	GlobalSection(ExtensibilityGlobals) = postSolution
		SolutionGuid = {2D30272B-F1A3-4FA1-B702-17D2C749D07E}
	EndGlobalSection
EndGlobal
